// !$*UTF8*$!
{
	archiveVersion = 1;
	classes = {
	};
	objectVersion = 46;
	objects = {

/* Begin PBXBuildFile section */
		8396D6981C7E36B800D0DFD4 /* AppDelegate.swift in Sources */ = {isa = PBXBuildFile; fileRef = 8396D6971C7E36B800D0DFD4 /* AppDelegate.swift */; };
		8396D69D1C7E36B800D0DFD4 /* Main.storyboard in Resources */ = {isa = PBXBuildFile; fileRef = 8396D69B1C7E36B800D0DFD4 /* Main.storyboard */; };
		8396D69F1C7E36B800D0DFD4 /* Assets.xcassets in Resources */ = {isa = PBXBuildFile; fileRef = 8396D69E1C7E36B800D0DFD4 /* Assets.xcassets */; };
		8396D6A21C7E36B800D0DFD4 /* LaunchScreen.storyboard in Resources */ = {isa = PBXBuildFile; fileRef = 8396D6A01C7E36B800D0DFD4 /* LaunchScreen.storyboard */; };
		8396D6AD1C7E36B800D0DFD4 /* MovieDBSearchMiniLessonTests.swift in Sources */ = {isa = PBXBuildFile; fileRef = 8396D6AC1C7E36B800D0DFD4 /* MovieDBSearchMiniLessonTests.swift */; };
		8396D6B81C7E36B800D0DFD4 /* MovieDBSearchMiniLessonUITests.swift in Sources */ = {isa = PBXBuildFile; fileRef = 8396D6B71C7E36B800D0DFD4 /* MovieDBSearchMiniLessonUITests.swift */; };
		8396D6C61C7E370200D0DFD4 /* HomeViewController.swift in Sources */ = {isa = PBXBuildFile; fileRef = 8396D6C51C7E370200D0DFD4 /* HomeViewController.swift */; };
		8396D6C81C7E37CE00D0DFD4 /* MovieCollectionViewCell.swift in Sources */ = {isa = PBXBuildFile; fileRef = 8396D6C71C7E37CE00D0DFD4 /* MovieCollectionViewCell.swift */; };
		8396D6CA1C7E387900D0DFD4 /* ResultsViewController.swift in Sources */ = {isa = PBXBuildFile; fileRef = 8396D6C91C7E387900D0DFD4 /* ResultsViewController.swift */; };
		8396D6CC1C7E398000D0DFD4 /* MovieController.swift in Sources */ = {isa = PBXBuildFile; fileRef = 8396D6CB1C7E398000D0DFD4 /* MovieController.swift */; };
		8396D6CE1C7E39AD00D0DFD4 /* Movie.swift in Sources */ = {isa = PBXBuildFile; fileRef = 8396D6CD1C7E39AD00D0DFD4 /* Movie.swift */; };
		8396D6D01C7E39E100D0DFD4 /* NetworkController.swift in Sources */ = {isa = PBXBuildFile; fileRef = 8396D6CF1C7E39E100D0DFD4 /* NetworkController.swift */; };
/* End PBXBuildFile section */

/* Begin PBXContainerItemProxy section */
		8396D6A91C7E36B800D0DFD4 /* PBXContainerItemProxy */ = {
			isa = PBXContainerItemProxy;
			containerPortal = 8396D68C1C7E36B800D0DFD4 /* Project object */;
			proxyType = 1;
			remoteGlobalIDString = 8396D6931C7E36B800D0DFD4;
			remoteInfo = MovieDBSearchMiniLesson;
		};
		8396D6B41C7E36B800D0DFD4 /* PBXContainerItemProxy */ = {
			isa = PBXContainerItemProxy;
			containerPortal = 8396D68C1C7E36B800D0DFD4 /* Project object */;
			proxyType = 1;
			remoteGlobalIDString = 8396D6931C7E36B800D0DFD4;
			remoteInfo = MovieDBSearchMiniLesson;
		};
/* End PBXContainerItemProxy section */

/* Begin PBXFileReference section */
		8396D6941C7E36B800D0DFD4 /* MovieDBSearchMiniLesson.app */ = {isa = PBXFileReference; explicitFileType = wrapper.application; includeInIndex = 0; path = MovieDBSearchMiniLesson.app; sourceTree = BUILT_PRODUCTS_DIR; };
		8396D6971C7E36B800D0DFD4 /* AppDelegate.swift */ = {isa = PBXFileReference; lastKnownFileType = sourcecode.swift; path = AppDelegate.swift; sourceTree = "<group>"; };
		8396D69C1C7E36B800D0DFD4 /* Base */ = {isa = PBXFileReference; lastKnownFileType = file.storyboard; name = Base; path = Base.lproj/Main.storyboard; sourceTree = "<group>"; };
		8396D69E1C7E36B800D0DFD4 /* Assets.xcassets */ = {isa = PBXFileReference; lastKnownFileType = folder.assetcatalog; path = Assets.xcassets; sourceTree = "<group>"; };
		8396D6A11C7E36B800D0DFD4 /* Base */ = {isa = PBXFileReference; lastKnownFileType = file.storyboard; name = Base; path = Base.lproj/LaunchScreen.storyboard; sourceTree = "<group>"; };
		8396D6A31C7E36B800D0DFD4 /* Info.plist */ = {isa = PBXFileReference; lastKnownFileType = text.plist.xml; path = Info.plist; sourceTree = "<group>"; };
		8396D6A81C7E36B800D0DFD4 /* MovieDBSearchMiniLessonTests.xctest */ = {isa = PBXFileReference; explicitFileType = wrapper.cfbundle; includeInIndex = 0; path = MovieDBSearchMiniLessonTests.xctest; sourceTree = BUILT_PRODUCTS_DIR; };
		8396D6AC1C7E36B800D0DFD4 /* MovieDBSearchMiniLessonTests.swift */ = {isa = PBXFileReference; lastKnownFileType = sourcecode.swift; path = MovieDBSearchMiniLessonTests.swift; sourceTree = "<group>"; };
		8396D6AE1C7E36B800D0DFD4 /* Info.plist */ = {isa = PBXFileReference; lastKnownFileType = text.plist.xml; path = Info.plist; sourceTree = "<group>"; };
		8396D6B31C7E36B800D0DFD4 /* MovieDBSearchMiniLessonUITests.xctest */ = {isa = PBXFileReference; explicitFileType = wrapper.cfbundle; includeInIndex = 0; path = MovieDBSearchMiniLessonUITests.xctest; sourceTree = BUILT_PRODUCTS_DIR; };
		8396D6B71C7E36B800D0DFD4 /* MovieDBSearchMiniLessonUITests.swift */ = {isa = PBXFileReference; lastKnownFileType = sourcecode.swift; path = MovieDBSearchMiniLessonUITests.swift; sourceTree = "<group>"; };
		8396D6B91C7E36B800D0DFD4 /* Info.plist */ = {isa = PBXFileReference; lastKnownFileType = text.plist.xml; path = Info.plist; sourceTree = "<group>"; };
		8396D6C51C7E370200D0DFD4 /* HomeViewController.swift */ = {isa = PBXFileReference; fileEncoding = 4; lastKnownFileType = sourcecode.swift; path = HomeViewController.swift; sourceTree = "<group>"; };
		8396D6C71C7E37CE00D0DFD4 /* MovieCollectionViewCell.swift */ = {isa = PBXFileReference; fileEncoding = 4; lastKnownFileType = sourcecode.swift; path = MovieCollectionViewCell.swift; sourceTree = "<group>"; };
		8396D6C91C7E387900D0DFD4 /* ResultsViewController.swift */ = {isa = PBXFileReference; fileEncoding = 4; lastKnownFileType = sourcecode.swift; path = ResultsViewController.swift; sourceTree = "<group>"; };
		8396D6CB1C7E398000D0DFD4 /* MovieController.swift */ = {isa = PBXFileReference; fileEncoding = 4; lastKnownFileType = sourcecode.swift; path = MovieController.swift; sourceTree = "<group>"; };
		8396D6CD1C7E39AD00D0DFD4 /* Movie.swift */ = {isa = PBXFileReference; fileEncoding = 4; lastKnownFileType = sourcecode.swift; path = Movie.swift; sourceTree = "<group>"; };
		8396D6CF1C7E39E100D0DFD4 /* NetworkController.swift */ = {isa = PBXFileReference; fileEncoding = 4; lastKnownFileType = sourcecode.swift; path = NetworkController.swift; sourceTree = "<group>"; };
/* End PBXFileReference section */

/* Begin PBXFrameworksBuildPhase section */
		8396D6911C7E36B800D0DFD4 /* Frameworks */ = {
			isa = PBXFrameworksBuildPhase;
			buildActionMask = 2147483647;
			files = (
			);
			runOnlyForDeploymentPostprocessing = 0;
		};
		8396D6A51C7E36B800D0DFD4 /* Frameworks */ = {
			isa = PBXFrameworksBuildPhase;
			buildActionMask = 2147483647;
			files = (
			);
			runOnlyForDeploymentPostprocessing = 0;
		};
		8396D6B01C7E36B800D0DFD4 /* Frameworks */ = {
			isa = PBXFrameworksBuildPhase;
			buildActionMask = 2147483647;
			files = (
			);
			runOnlyForDeploymentPostprocessing = 0;
		};
/* End PBXFrameworksBuildPhase section */

/* Begin PBXGroup section */
		8396D68B1C7E36B800D0DFD4 = {
			isa = PBXGroup;
			children = (
				8396D6961C7E36B800D0DFD4 /* MovieDBSearchMiniLesson */,
				8396D6AB1C7E36B800D0DFD4 /* MovieDBSearchMiniLessonTests */,
				8396D6B61C7E36B800D0DFD4 /* MovieDBSearchMiniLessonUITests */,
				8396D6951C7E36B800D0DFD4 /* Products */,
			);
			sourceTree = "<group>";
		};
		8396D6951C7E36B800D0DFD4 /* Products */ = {
			isa = PBXGroup;
			children = (
				8396D6941C7E36B800D0DFD4 /* MovieDBSearchMiniLesson.app */,
				8396D6A81C7E36B800D0DFD4 /* MovieDBSearchMiniLessonTests.xctest */,
				8396D6B31C7E36B800D0DFD4 /* MovieDBSearchMiniLessonUITests.xctest */,
			);
			name = Products;
			sourceTree = "<group>";
		};
		8396D6961C7E36B800D0DFD4 /* MovieDBSearchMiniLesson */ = {
			isa = PBXGroup;
			children = (
				8396D6971C7E36B800D0DFD4 /* AppDelegate.swift */,
				8396D6C51C7E370200D0DFD4 /* HomeViewController.swift */,
				8396D6CB1C7E398000D0DFD4 /* MovieController.swift */,
				8396D6CF1C7E39E100D0DFD4 /* NetworkController.swift */,
				8396D6CD1C7E39AD00D0DFD4 /* Movie.swift */,
				8396D6C91C7E387900D0DFD4 /* ResultsViewController.swift */,
				8396D69B1C7E36B800D0DFD4 /* Main.storyboard */,
				8396D6C71C7E37CE00D0DFD4 /* MovieCollectionViewCell.swift */,
				8396D69E1C7E36B800D0DFD4 /* Assets.xcassets */,
				8396D6A01C7E36B800D0DFD4 /* LaunchScreen.storyboard */,
				8396D6A31C7E36B800D0DFD4 /* Info.plist */,
			);
			path = MovieDBSearchMiniLesson;
			sourceTree = "<group>";
		};
		8396D6AB1C7E36B800D0DFD4 /* MovieDBSearchMiniLessonTests */ = {
			isa = PBXGroup;
			children = (
				8396D6AC1C7E36B800D0DFD4 /* MovieDBSearchMiniLessonTests.swift */,
				8396D6AE1C7E36B800D0DFD4 /* Info.plist */,
			);
			path = MovieDBSearchMiniLessonTests;
			sourceTree = "<group>";
		};
		8396D6B61C7E36B800D0DFD4 /* MovieDBSearchMiniLessonUITests */ = {
			isa = PBXGroup;
			children = (
				8396D6B71C7E36B800D0DFD4 /* MovieDBSearchMiniLessonUITests.swift */,
				8396D6B91C7E36B800D0DFD4 /* Info.plist */,
			);
			path = MovieDBSearchMiniLessonUITests;
			sourceTree = "<group>";
		};
/* End PBXGroup section */

/* Begin PBXNativeTarget section */
		8396D6931C7E36B800D0DFD4 /* MovieDBSearchMiniLesson */ = {
			isa = PBXNativeTarget;
			buildConfigurationList = 8396D6BC1C7E36B800D0DFD4 /* Build configuration list for PBXNativeTarget "MovieDBSearchMiniLesson" */;
			buildPhases = (
				8396D6901C7E36B800D0DFD4 /* Sources */,
				8396D6911C7E36B800D0DFD4 /* Frameworks */,
				8396D6921C7E36B800D0DFD4 /* Resources */,
			);
			buildRules = (
			);
			dependencies = (
			);
			name = MovieDBSearchMiniLesson;
			productName = MovieDBSearchMiniLesson;
			productReference = 8396D6941C7E36B800D0DFD4 /* MovieDBSearchMiniLesson.app */;
			productType = "com.apple.product-type.application";
		};
		8396D6A71C7E36B800D0DFD4 /* MovieDBSearchMiniLessonTests */ = {
			isa = PBXNativeTarget;
			buildConfigurationList = 8396D6BF1C7E36B800D0DFD4 /* Build configuration list for PBXNativeTarget "MovieDBSearchMiniLessonTests" */;
			buildPhases = (
				8396D6A41C7E36B800D0DFD4 /* Sources */,
				8396D6A51C7E36B800D0DFD4 /* Frameworks */,
				8396D6A61C7E36B800D0DFD4 /* Resources */,
			);
			buildRules = (
			);
			dependencies = (
				8396D6AA1C7E36B800D0DFD4 /* PBXTargetDependency */,
			);
			name = MovieDBSearchMiniLessonTests;
			productName = MovieDBSearchMiniLessonTests;
			productReference = 8396D6A81C7E36B800D0DFD4 /* MovieDBSearchMiniLessonTests.xctest */;
			productType = "com.apple.product-type.bundle.unit-test";
		};
		8396D6B21C7E36B800D0DFD4 /* MovieDBSearchMiniLessonUITests */ = {
			isa = PBXNativeTarget;
			buildConfigurationList = 8396D6C21C7E36B800D0DFD4 /* Build configuration list for PBXNativeTarget "MovieDBSearchMiniLessonUITests" */;
			buildPhases = (
				8396D6AF1C7E36B800D0DFD4 /* Sources */,
				8396D6B01C7E36B800D0DFD4 /* Frameworks */,
				8396D6B11C7E36B800D0DFD4 /* Resources */,
			);
			buildRules = (
			);
			dependencies = (
				8396D6B51C7E36B800D0DFD4 /* PBXTargetDependency */,
			);
			name = MovieDBSearchMiniLessonUITests;
			productName = MovieDBSearchMiniLessonUITests;
			productReference = 8396D6B31C7E36B800D0DFD4 /* MovieDBSearchMiniLessonUITests.xctest */;
			productType = "com.apple.product-type.bundle.ui-testing";
		};
/* End PBXNativeTarget section */

/* Begin PBXProject section */
		8396D68C1C7E36B800D0DFD4 /* Project object */ = {
			isa = PBXProject;
			attributes = {
				LastSwiftUpdateCheck = 0720;
				LastUpgradeCheck = 0720;
				ORGANIZATIONNAME = "Jordan Nelson";
				TargetAttributes = {
					8396D6931C7E36B800D0DFD4 = {
						CreatedOnToolsVersion = 7.2.1;
					};
					8396D6A71C7E36B800D0DFD4 = {
						CreatedOnToolsVersion = 7.2.1;
						TestTargetID = 8396D6931C7E36B800D0DFD4;
					};
					8396D6B21C7E36B800D0DFD4 = {
						CreatedOnToolsVersion = 7.2.1;
						TestTargetID = 8396D6931C7E36B800D0DFD4;
					};
				};
			};
			buildConfigurationList = 8396D68F1C7E36B800D0DFD4 /* Build configuration list for PBXProject "MovieDBSearchMiniLesson" */;
			compatibilityVersion = "Xcode 3.2";
			developmentRegion = English;
			hasScannedForEncodings = 0;
			knownRegions = (
				en,
				Base,
			);
			mainGroup = 8396D68B1C7E36B800D0DFD4;
			productRefGroup = 8396D6951C7E36B800D0DFD4 /* Products */;
			projectDirPath = "";
			projectRoot = "";
			targets = (
				8396D6931C7E36B800D0DFD4 /* MovieDBSearchMiniLesson */,
				8396D6A71C7E36B800D0DFD4 /* MovieDBSearchMiniLessonTests */,
				8396D6B21C7E36B800D0DFD4 /* MovieDBSearchMiniLessonUITests */,
			);
		};
/* End PBXProject section */

/* Begin PBXResourcesBuildPhase section */
		8396D6921C7E36B800D0DFD4 /* Resources */ = {
			isa = PBXResourcesBuildPhase;
			buildActionMask = 2147483647;
			files = (
				8396D6A21C7E36B800D0DFD4 /* LaunchScreen.storyboard in Resources */,
				8396D69F1C7E36B800D0DFD4 /* Assets.xcassets in Resources */,
				8396D69D1C7E36B800D0DFD4 /* Main.storyboard in Resources */,
			);
			runOnlyForDeploymentPostprocessing = 0;
		};
		8396D6A61C7E36B800D0DFD4 /* Resources */ = {
			isa = PBXResourcesBuildPhase;
			buildActionMask = 2147483647;
			files = (
			);
			runOnlyForDeploymentPostprocessing = 0;
		};
		8396D6B11C7E36B800D0DFD4 /* Resources */ = {
			isa = PBXResourcesBuildPhase;
			buildActionMask = 2147483647;
			files = (
			);
			runOnlyForDeploymentPostprocessing = 0;
		};
/* End PBXResourcesBuildPhase section */

/* Begin PBXSourcesBuildPhase section */
		8396D6901C7E36B800D0DFD4 /* Sources */ = {
			isa = PBXSourcesBuildPhase;
			buildActionMask = 2147483647;
			files = (
				8396D6C81C7E37CE00D0DFD4 /* MovieCollectionViewCell.swift in Sources */,
				8396D6CC1C7E398000D0DFD4 /* MovieController.swift in Sources */,
				8396D6CE1C7E39AD00D0DFD4 /* Movie.swift in Sources */,
				8396D6981C7E36B800D0DFD4 /* AppDelegate.swift in Sources */,
				8396D6C61C7E370200D0DFD4 /* HomeViewController.swift in Sources */,
				8396D6D01C7E39E100D0DFD4 /* NetworkController.swift in Sources */,
				8396D6CA1C7E387900D0DFD4 /* ResultsViewController.swift in Sources */,
			);
			runOnlyForDeploymentPostprocessing = 0;
		};
		8396D6A41C7E36B800D0DFD4 /* Sources */ = {
			isa = PBXSourcesBuildPhase;
			buildActionMask = 2147483647;
			files = (
				8396D6AD1C7E36B800D0DFD4 /* MovieDBSearchMiniLessonTests.swift in Sources */,
			);
			runOnlyForDeploymentPostprocessing = 0;
		};
		8396D6AF1C7E36B800D0DFD4 /* Sources */ = {
			isa = PBXSourcesBuildPhase;
			buildActionMask = 2147483647;
			files = (
				8396D6B81C7E36B800D0DFD4 /* MovieDBSearchMiniLessonUITests.swift in Sources */,
			);
			runOnlyForDeploymentPostprocessing = 0;
		};
/* End PBXSourcesBuildPhase section */

/* Begin PBXTargetDependency section */
		8396D6AA1C7E36B800D0DFD4 /* PBXTargetDependency */ = {
			isa = PBXTargetDependency;
			target = 8396D6931C7E36B800D0DFD4 /* MovieDBSearchMiniLesson */;
			targetProxy = 8396D6A91C7E36B800D0DFD4 /* PBXContainerItemProxy */;
		};
		8396D6B51C7E36B800D0DFD4 /* PBXTargetDependency */ = {
			isa = PBXTargetDependency;
			target = 8396D6931C7E36B800D0DFD4 /* MovieDBSearchMiniLesson */;
			targetProxy = 8396D6B41C7E36B800D0DFD4 /* PBXContainerItemProxy */;
		};
/* End PBXTargetDependency section */

/* Begin PBXVariantGroup section */
		8396D69B1C7E36B800D0DFD4 /* Main.storyboard */ = {
			isa = PBXVariantGroup;
			children = (
				8396D69C1C7E36B800D0DFD4 /* Base */,
			);
			name = Main.storyboard;
			sourceTree = "<group>";
		};
		8396D6A01C7E36B800D0DFD4 /* LaunchScreen.storyboard */ = {
			isa = PBXVariantGroup;
			children = (
				8396D6A11C7E36B800D0DFD4 /* Base */,
			);
			name = LaunchScreen.storyboard;
			sourceTree = "<group>";
		};
/* End PBXVariantGroup section */

/* Begin XCBuildConfiguration section */
		8396D6BA1C7E36B800D0DFD4 /* Debug */ = {
			isa = XCBuildConfiguration;
			buildSettings = {
				ALWAYS_SEARCH_USER_PATHS = NO;
				CLANG_CXX_LANGUAGE_STANDARD = "gnu++0x";
				CLANG_CXX_LIBRARY = "libc++";
				CLANG_ENABLE_MODULES = YES;
				CLANG_ENABLE_OBJC_ARC = YES;
				CLANG_WARN_BOOL_CONVERSION = YES;
				CLANG_WARN_CONSTANT_CONVERSION = YES;
				CLANG_WARN_DIRECT_OBJC_ISA_USAGE = YES_ERROR;
				CLANG_WARN_EMPTY_BODY = YES;
				CLANG_WARN_ENUM_CONVERSION = YES;
				CLANG_WARN_INT_CONVERSION = YES;
				CLANG_WARN_OBJC_ROOT_CLASS = YES_ERROR;
				CLANG_WARN_UNREACHABLE_CODE = YES;
				CLANG_WARN__DUPLICATE_METHOD_MATCH = YES;
				"CODE_SIGN_IDENTITY[sdk=iphoneos*]" = "iPhone Developer";
				COPY_PHASE_STRIP = NO;
				DEBUG_INFORMATION_FORMAT = dwarf;
				ENABLE_STRICT_OBJC_MSGSEND = YES;
				ENABLE_TESTABILITY = YES;
				GCC_C_LANGUAGE_STANDARD = gnu99;
				GCC_DYNAMIC_NO_PIC = NO;
				GCC_NO_COMMON_BLOCKS = YES;
				GCC_OPTIMIZATION_LEVEL = 0;
				GCC_PREPROCESSOR_DEFINITIONS = (
					"DEBUG=1",
					"$(inherited)",
				);
				GCC_WARN_64_TO_32_BIT_CONVERSION = YES;
				GCC_WARN_ABOUT_RETURN_TYPE = YES_ERROR;
				GCC_WARN_UNDECLARED_SELECTOR = YES;
				GCC_WARN_UNINITIALIZED_AUTOS = YES_AGGRESSIVE;
				GCC_WARN_UNUSED_FUNCTION = YES;
				GCC_WARN_UNUSED_VARIABLE = YES;
				IPHONEOS_DEPLOYMENT_TARGET = 9.2;
				MTL_ENABLE_DEBUG_INFO = YES;
				ONLY_ACTIVE_ARCH = YES;
				SDKROOT = iphoneos;
				SWIFT_OPTIMIZATION_LEVEL = "-Onone";
				TARGETED_DEVICE_FAMILY = "1,2";
			};
			name = Debug;
		};
		8396D6BB1C7E36B800D0DFD4 /* Release */ = {
			isa = XCBuildConfiguration;
			buildSettings = {
				ALWAYS_SEARCH_USER_PATHS = NO;
				CLANG_CXX_LANGUAGE_STANDARD = "gnu++0x";
				CLANG_CXX_LIBRARY = "libc++";
				CLANG_ENABLE_MODULES = YES;
				CLANG_ENABLE_OBJC_ARC = YES;
				CLANG_WARN_BOOL_CONVERSION = YES;
				CLANG_WARN_CONSTANT_CONVERSION = YES;
				CLANG_WARN_DIRECT_OBJC_ISA_USAGE = YES_ERROR;
				CLANG_WARN_EMPTY_BODY = YES;
				CLANG_WARN_ENUM_CONVERSION = YES;
				CLANG_WARN_INT_CONVERSION = YES;
				CLANG_WARN_OBJC_ROOT_CLASS = YES_ERROR;
				CLANG_WARN_UNREACHABLE_CODE = YES;
				CLANG_WARN__DUPLICATE_METHOD_MATCH = YES;
				"CODE_SIGN_IDENTITY[sdk=iphoneos*]" = "iPhone Developer";
				COPY_PHASE_STRIP = NO;
				DEBUG_INFORMATION_FORMAT = "dwarf-with-dsym";
				ENABLE_NS_ASSERTIONS = NO;
				ENABLE_STRICT_OBJC_MSGSEND = YES;
				GCC_C_LANGUAGE_STANDARD = gnu99;
				GCC_NO_COMMON_BLOCKS = YES;
				GCC_WARN_64_TO_32_BIT_CONVERSION = YES;
				GCC_WARN_ABOUT_RETURN_TYPE = YES_ERROR;
				GCC_WARN_UNDECLARED_SELECTOR = YES;
				GCC_WARN_UNINITIALIZED_AUTOS = YES_AGGRESSIVE;
				GCC_WARN_UNUSED_FUNCTION = YES;
				GCC_WARN_UNUSED_VARIABLE = YES;
				IPHONEOS_DEPLOYMENT_TARGET = 9.2;
				MTL_ENABLE_DEBUG_INFO = NO;
				SDKROOT = iphoneos;
				TARGETED_DEVICE_FAMILY = "1,2";
				VALIDATE_PRODUCT = YES;
			};
			name = Release;
		};
		8396D6BD1C7E36B800D0DFD4 /* Debug */ = {
			isa = XCBuildConfiguration;
			buildSettings = {
				ASSETCATALOG_COMPILER_APPICON_NAME = AppIcon;
				INFOPLIST_FILE = MovieDBSearchMiniLesson/Info.plist;
				LD_RUNPATH_SEARCH_PATHS = "$(inherited) @executable_path/Frameworks";
				PRODUCT_BUNDLE_IDENTIFIER = DevMtn.MovieDBSearchMiniLesson;
				PRODUCT_NAME = "$(TARGET_NAME)";
			};
			name = Debug;
		};
		8396D6BE1C7E36B800D0DFD4 /* Release */ = {
			isa = XCBuildConfiguration;
			buildSettings = {
				ASSETCATALOG_COMPILER_APPICON_NAME = AppIcon;
				INFOPLIST_FILE = MovieDBSearchMiniLesson/Info.plist;
				LD_RUNPATH_SEARCH_PATHS = "$(inherited) @executable_path/Frameworks";
				PRODUCT_BUNDLE_IDENTIFIER = DevMtn.MovieDBSearchMiniLesson;
				PRODUCT_NAME = "$(TARGET_NAME)";
			};
			name = Release;
		};
		8396D6C01C7E36B800D0DFD4 /* Debug */ = {
			isa = XCBuildConfiguration;
			buildSettings = {
				BUNDLE_LOADER = "$(TEST_HOST)";
				INFOPLIST_FILE = MovieDBSearchMiniLessonTests/Info.plist;
				LD_RUNPATH_SEARCH_PATHS = "$(inherited) @executable_path/Frameworks @loader_path/Frameworks";
				PRODUCT_BUNDLE_IDENTIFIER = DevMtn.MovieDBSearchMiniLessonTests;
				PRODUCT_NAME = "$(TARGET_NAME)";
				TEST_HOST = "$(BUILT_PRODUCTS_DIR)/MovieDBSearchMiniLesson.app/MovieDBSearchMiniLesson";
			};
			name = Debug;
		};
		8396D6C11C7E36B800D0DFD4 /* Release */ = {
			isa = XCBuildConfiguration;
			buildSettings = {
				BUNDLE_LOADER = "$(TEST_HOST)";
				INFOPLIST_FILE = MovieDBSearchMiniLessonTests/Info.plist;
				LD_RUNPATH_SEARCH_PATHS = "$(inherited) @executable_path/Frameworks @loader_path/Frameworks";
				PRODUCT_BUNDLE_IDENTIFIER = DevMtn.MovieDBSearchMiniLessonTests;
				PRODUCT_NAME = "$(TARGET_NAME)";
				TEST_HOST = "$(BUILT_PRODUCTS_DIR)/MovieDBSearchMiniLesson.app/MovieDBSearchMiniLesson";
			};
			name = Release;
		};
		8396D6C31C7E36B800D0DFD4 /* Debug */ = {
			isa = XCBuildConfiguration;
			buildSettings = {
				INFOPLIST_FILE = MovieDBSearchMiniLessonUITests/Info.plist;
				LD_RUNPATH_SEARCH_PATHS = "$(inherited) @executable_path/Frameworks @loader_path/Frameworks";
				PRODUCT_BUNDLE_IDENTIFIER = DevMtn.MovieDBSearchMiniLessonUITests;
				PRODUCT_NAME = "$(TARGET_NAME)";
				TEST_TARGET_NAME = MovieDBSearchMiniLesson;
				USES_XCTRUNNER = YES;
			};
			name = Debug;
		};
		8396D6C41C7E36B800D0DFD4 /* Release */ = {
			isa = XCBuildConfiguration;
			buildSettings = {
				INFOPLIST_FILE = MovieDBSearchMiniLessonUITests/Info.plist;
				LD_RUNPATH_SEARCH_PATHS = "$(inherited) @executable_path/Frameworks @loader_path/Frameworks";
				PRODUCT_BUNDLE_IDENTIFIER = DevMtn.MovieDBSearchMiniLessonUITests;
				PRODUCT_NAME = "$(TARGET_NAME)";
				TEST_TARGET_NAME = MovieDBSearchMiniLesson;
				USES_XCTRUNNER = YES;
			};
			name = Release;
		};
/* End XCBuildConfiguration section */

/* Begin XCConfigurationList section */
		8396D68F1C7E36B800D0DFD4 /* Build configuration list for PBXProject "MovieDBSearchMiniLesson" */ = {
			isa = XCConfigurationList;
			buildConfigurations = (
				8396D6BA1C7E36B800D0DFD4 /* Debug */,
				8396D6BB1C7E36B800D0DFD4 /* Release */,
			);
			defaultConfigurationIsVisible = 0;
			defaultConfigurationName = Release;
		};
		8396D6BC1C7E36B800D0DFD4 /* Build configuration list for PBXNativeTarget "MovieDBSearchMiniLesson" */ = {
			isa = XCConfigurationList;
			buildConfigurations = (
				8396D6BD1C7E36B800D0DFD4 /* Debug */,
				8396D6BE1C7E36B800D0DFD4 /* Release */,
			);
			defaultConfigurationIsVisible = 0;
		};
		8396D6BF1C7E36B800D0DFD4 /* Build configuration list for PBXNativeTarget "MovieDBSearchMiniLessonTests" */ = {
			isa = XCConfigurationList;
			buildConfigurations = (
				8396D6C01C7E36B800D0DFD4 /* Debug */,
				8396D6C11C7E36B800D0DFD4 /* Release */,
			);
			defaultConfigurationIsVisible = 0;
		};
		8396D6C21C7E36B800D0DFD4 /* Build configuration list for PBXNativeTarget "MovieDBSearchMiniLessonUITests" */ = {
			isa = XCConfigurationList;
			buildConfigurations = (
				8396D6C31C7E36B800D0DFD4 /* Debug */,
				8396D6C41C7E36B800D0DFD4 /* Release */,
			);
			defaultConfigurationIsVisible = 0;
		};
/* End XCConfigurationList section */
	};
	rootObject = 8396D68C1C7E36B800D0DFD4 /* Project object */;
}
